// !$*UTF8*$!
{
	archiveVersion = 1;
	classes = {
	};
	objectVersion = 46;
	objects = {

/* Begin PBXBuildFile section */
		221723B81F2085ED0061A11F /* AppDelegate.swift in Sources */ = {isa = PBXBuildFile; fileRef = 221723B71F2085ED0061A11F /* AppDelegate.swift */; };
		221723BA1F2085ED0061A11F /* ViewController.swift in Sources */ = {isa = PBXBuildFile; fileRef = 221723B91F2085ED0061A11F /* ViewController.swift */; };
		221723BD1F2085ED0061A11F /* Main.storyboard in Resources */ = {isa = PBXBuildFile; fileRef = 221723BB1F2085ED0061A11F /* Main.storyboard */; };
		221723BF1F2085ED0061A11F /* Assets.xcassets in Resources */ = {isa = PBXBuildFile; fileRef = 221723BE1F2085ED0061A11F /* Assets.xcassets */; };
		221723C21F2085ED0061A11F /* LaunchScreen.storyboard in Resources */ = {isa = PBXBuildFile; fileRef = 221723C01F2085ED0061A11F /* LaunchScreen.storyboard */; };
		221723CB1F20860E0061A11F /* CoreLocation.framework in Frameworks */ = {isa = PBXBuildFile; fileRef = 221723CA1F20860E0061A11F /* CoreLocation.framework */; };
/* End PBXBuildFile section */

/* Begin PBXFileReference section */
		221723B41F2085ED0061A11F /* UserCurrentMapLocationReview.app */ = {isa = PBXFileReference; explicitFileType = wrapper.application; includeInIndex = 0; path = UserCurrentMapLocationReview.app; sourceTree = BUILT_PRODUCTS_DIR; };
		221723B71F2085ED0061A11F /* AppDelegate.swift */ = {isa = PBXFileReference; lastKnownFileType = sourcecode.swift; path = AppDelegate.swift; sourceTree = "<group>"; };
		221723B91F2085ED0061A11F /* ViewController.swift */ = {isa = PBXFileReference; lastKnownFileType = sourcecode.swift; path = ViewController.swift; sourceTree = "<group>"; };
		221723BC1F2085ED0061A11F /* Base */ = {isa = PBXFileReference; lastKnownFileType = file.storyboard; name = Base; path = Base.lproj/Main.storyboard; sourceTree = "<group>"; };
		221723BE1F2085ED0061A11F /* Assets.xcassets */ = {isa = PBXFileReference; lastKnownFileType = folder.assetcatalog; path = Assets.xcassets; sourceTree = "<group>"; };
		221723C11F2085ED0061A11F /* Base */ = {isa = PBXFileReference; lastKnownFileType = file.storyboard; name = Base; path = Base.lproj/LaunchScreen.storyboard; sourceTree = "<group>"; };
		221723C31F2085ED0061A11F /* Info.plist */ = {isa = PBXFileReference; lastKnownFileType = text.plist.xml; path = Info.plist; sourceTree = "<group>"; };
		221723CA1F20860E0061A11F /* CoreLocation.framework */ = {isa = PBXFileReference; lastKnownFileType = wrapper.framework; name = CoreLocation.framework; path = System/Library/Frameworks/CoreLocation.framework; sourceTree = SDKROOT; };
/* End PBXFileReference section */

/* Begin PBXFrameworksBuildPhase section */
		221723B11F2085ED0061A11F /* Frameworks */ = {
			isa = PBXFrameworksBuildPhase;
			buildActionMask = 2147483647;
			files = (
				221723CB1F20860E0061A11F /* CoreLocation.framework in Frameworks */,
			);
			runOnlyForDeploymentPostprocessing = 0;
		};
/* End PBXFrameworksBuildPhase section */

/* Begin PBXGroup section */
		221723AB1F2085ED0061A11F = {
			isa = PBXGroup;
			children = (
				221723B61F2085ED0061A11F /* UserCurrentMapLocationReview */,
				221723B51F2085ED0061A11F /* Products */,
				221723C91F20860E0061A11F /* Frameworks */,
			);
			sourceTree = "<group>";
		};
		221723B51F2085ED0061A11F /* Products */ = {
			isa = PBXGroup;
			children = (
				221723B41F2085ED0061A11F /* UserCurrentMapLocationReview.app */,
			);
			name = Products;
			sourceTree = "<group>";
		};
		221723B61F2085ED0061A11F /* UserCurrentMapLocationReview */ = {
			isa = PBXGroup;
			children = (
				221723B71F2085ED0061A11F /* AppDelegate.swift */,
				221723B91F2085ED0061A11F /* ViewController.swift */,
				221723BB1F2085ED0061A11F /* Main.storyboard */,
				221723BE1F2085ED0061A11F /* Assets.xcassets */,
				221723C01F2085ED0061A11F /* LaunchScreen.storyboard */,
				221723C31F2085ED0061A11F /* Info.plist */,
			);
			path = UserCurrentMapLocationReview;
			sourceTree = "<group>";
		};
		221723C91F20860E0061A11F /* Frameworks */ = {
			isa = PBXGroup;
			children = (
				221723CA1F20860E0061A11F /* CoreLocation.framework */,
			);
			name = Frameworks;
			sourceTree = "<group>";
		};
/* End PBXGroup section */

/* Begin PBXNativeTarget section */
		221723B31F2085ED0061A11F /* UserCurrentMapLocationReview */ = {
			isa = PBXNativeTarget;
			buildConfigurationList = 221723C61F2085ED0061A11F /* Build configuration list for PBXNativeTarget "UserCurrentMapLocationReview" */;
			buildPhases = (
				221723B01F2085ED0061A11F /* Sources */,
				221723B11F2085ED0061A11F /* Frameworks */,
				221723B21F2085ED0061A11F /* Resources */,
			);
			buildRules = (
			);
			dependencies = (
			);
			name = UserCurrentMapLocationReview;
			productName = UserCurrentMapLocationReview;
			productReference = 221723B41F2085ED0061A11F /* UserCurrentMapLocationReview.app */;
			productType = "com.apple.product-type.application";
		};
/* End PBXNativeTarget section */

/* Begin PBXProject section */
		221723AC1F2085ED0061A11F /* Project object */ = {
			isa = PBXProject;
			attributes = {
				LastSwiftUpdateCheck = 0830;
				LastUpgradeCheck = 0830;
				ORGANIZATIONNAME = "Shaan Mirchandani";
				TargetAttributes = {
					221723B31F2085ED0061A11F = {
						CreatedOnToolsVersion = 8.3.3;
						ProvisioningStyle = Automatic;
					};
				};
			};
			buildConfigurationList = 221723AF1F2085ED0061A11F /* Build configuration list for PBXProject "UserCurrentMapLocationReview" */;
			compatibilityVersion = "Xcode 3.2";
			developmentRegion = English;
			hasScannedForEncodings = 0;
			knownRegions = (
				en,
				Base,
			);
			mainGroup = 221723AB1F2085ED0061A11F;
			productRefGroup = 221723B51F2085ED0061A11F /* Products */;
			projectDirPath = "";
			projectRoot = "";
			targets = (
				221723B31F2085ED0061A11F /* UserCurrentMapLocationReview */,
			);
		};
/* End PBXProject section */

/* Begin PBXResourcesBuildPhase section */
		221723B21F2085ED0061A11F /* Resources */ = {
			isa = PBXResourcesBuildPhase;
			buildActionMask = 2147483647;
			files = (
				221723C21F2085ED0061A11F /* LaunchScreen.storyboard in Resources */,
				221723BF1F2085ED0061A11F /* Assets.xcassets in Resources */,
				221723BD1F2085ED0061A11F /* Main.storyboard in Resources */,
			);
			runOnlyForDeploymentPostprocessing = 0;
		};
/* End PBXResourcesBuildPhase section */

/* Begin PBXSourcesBuildPhase section */
		221723B01F2085ED0061A11F /* Sources */ = {
			isa = PBXSourcesBuildPhase;
			buildActionMask = 2147483647;
			files = (
				221723BA1F2085ED0061A11F /* ViewController.swift in Sources */,
				221723B81F2085ED0061A11F /* AppDelegate.swift in Sources */,
			);
			runOnlyForDeploymentPostprocessing = 0;
		};
/* End PBXSourcesBuildPhase section */

/* Begin PBXVariantGroup section */
		221723BB1F2085ED0061A11F /* Main.storyboard */ = {
			isa = PBXVariantGroup;
			children = (
				221723BC1F2085ED0061A11F /* Base */,
			);
			name = Main.storyboard;
			sourceTree = "<group>";
		};
		221723C01F2085ED0061A11F /* LaunchScreen.storyboard */ = {
			isa = PBXVariantGroup;
			children = (
				221723C11F2085ED0061A11F /* Base */,
			);
			name = LaunchScreen.storyboard;
			sourceTree = "<group>";
		};
/* End PBXVariantGroup section */

/* Begin XCBuildConfiguration section */
		221723C41F2085ED0061A11F /* Debug */ = {
			isa = XCBuildConfiguration;
			buildSettings = {
				ALWAYS_SEARCH_USER_PATHS = NO;
				CLANG_ANALYZER_NONNULL = YES;
				CLANG_ANALYZER_NUMBER_OBJECT_CONVERSION = YES_AGGRESSIVE;
				CLANG_CXX_LANGUAGE_STANDARD = "gnu++0x";
				CLANG_CXX_LIBRARY = "libc++";
				CLANG_ENABLE_MODULES = YES;
				CLANG_ENABLE_OBJC_ARC = YES;
				CLANG_WARN_BOOL_CONVERSION = YES;
				CLANG_WARN_CONSTANT_CONVERSION = YES;
				CLANG_WARN_DIRECT_OBJC_ISA_USAGE = YES_ERROR;
				CLANG_WARN_DOCUMENTATION_COMMENTS = YES;
				CLANG_WARN_EMPTY_BODY = YES;
				CLANG_WARN_ENUM_CONVERSION = YES;
				CLANG_WARN_INFINITE_RECURSION = YES;
				CLANG_WARN_INT_CONVERSION = YES;
				CLANG_WARN_OBJC_ROOT_CLASS = YES_ERROR;
				CLANG_WARN_SUSPICIOUS_MOVE = YES;
				CLANG_WARN_UNREACHABLE_CODE = YES;
				CLANG_WARN__DUPLICATE_METHOD_MATCH = YES;
				"CODE_SIGN_IDENTITY[sdk=iphoneos*]" = "iPhone Developer";
				COPY_PHASE_STRIP = NO;
				DEBUG_INFORMATION_FORMAT = dwarf;
				ENABLE_STRICT_OBJC_MSGSEND = YES;
				ENABLE_TESTABILITY = YES;
				GCC_C_LANGUAGE_STANDARD = gnu99;
				GCC_DYNAMIC_NO_PIC = NO;
				GCC_NO_COMMON_BLOCKS = YES;
				GCC_OPTIMIZATION_LEVEL = 0;
				GCC_PREPROCESSOR_DEFINITIONS = (
					"DEBUG=1",
					"$(inherited)",
				);
				GCC_WARN_64_TO_32_BIT_CONVERSION = YES;
				GCC_WARN_ABOUT_RETURN_TYPE = YES_ERROR;
				GCC_WARN_UNDECLARED_SELECTOR = YES;
				GCC_WARN_UNINITIALIZED_AUTOS = YES_AGGRESSIVE;
				GCC_WARN_UNUSED_FUNCTION = YES;
				GCC_WARN_UNUSED_VARIABLE = YES;
				IPHONEOS_DEPLOYMENT_TARGET = 10.3;
				MTL_ENABLE_DEBUG_INFO = YES;
				ONLY_ACTIVE_ARCH = YES;
				SDKROOT = iphoneos;
				SWIFT_ACTIVE_COMPILATION_CONDITIONS = DEBUG;
				SWIFT_OPTIMIZATION_LEVEL = "-Onone";
				TARGETED_DEVICE_FAMILY = "1,2";
			};
			name = Debug;
		};
		221723C51F2085ED0061A11F /* Release */ = {
			isa = XCBuildConfiguration;
			buildSettings = {
				ALWAYS_SEARCH_USER_PATHS = NO;
				CLANG_ANALYZER_NONNULL = YES;
				CLANG_ANALYZER_NUMBER_OBJECT_CONVERSION = YES_AGGRESSIVE;
				CLANG_CXX_LANGUAGE_STANDARD = "gnu++0x";
				CLANG_CXX_LIBRARY = "libc++";
				CLANG_ENABLE_MODULES = YES;
				CLANG_ENABLE_OBJC_ARC = YES;
				CLANG_WARN_BOOL_CONVERSION = YES;
				CLANG_WARN_CONSTANT_CONVERSION = YES;
				CLANG_WARN_DIRECT_OBJC_ISA_USAGE = YES_ERROR;
				CLANG_WARN_DOCUMENTATION_COMMENTS = YES;
				CLANG_WARN_EMPTY_BODY = YES;
				CLANG_WARN_ENUM_CONVERSION = YES;
				CLANG_WARN_INFINITE_RECURSION = YES;
				CLANG_WARN_INT_CONVERSION = YES;
				CLANG_WARN_OBJC_ROOT_CLASS = YES_ERROR;
				CLANG_WARN_SUSPICIOUS_MOVE = YES;
				CLANG_WARN_UNREACHABLE_CODE = YES;
				CLANG_WARN__DUPLICATE_METHOD_MATCH = YES;
				"CODE_SIGN_IDENTITY[sdk=iphoneos*]" = "iPhone Developer";
				COPY_PHASE_STRIP = NO;
				DEBUG_INFORMATION_FORMAT = "dwarf-with-dsym";
				ENABLE_NS_ASSERTIONS = NO;
				ENABLE_STRICT_OBJC_MSGSEND = YES;
				GCC_C_LANGUAGE_STANDARD = gnu99;
				GCC_NO_COMMON_BLOCKS = YES;
				GCC_WARN_64_TO_32_BIT_CONVERSION = YES;
				GCC_WARN_ABOUT_RETURN_TYPE = YES_ERROR;
				GCC_WARN_UNDECLARED_SELECTOR = YES;
				GCC_WARN_UNINITIALIZED_AUTOS = YES_AGGRESSIVE;
				GCC_WARN_UNUSED_FUNCTION = YES;
				GCC_WARN_UNUSED_VARIABLE = YES;
				IPHONEOS_DEPLOYMENT_TARGET = 10.3;
				MTL_ENABLE_DEBUG_INFO = NO;
				SDKROOT = iphoneos;
				SWIFT_OPTIMIZATION_LEVEL = "-Owholemodule";
				TARGETED_DEVICE_FAMILY = "1,2";
				VALIDATE_PRODUCT = YES;
			};
			name = Release;
		};
		221723C71F2085ED0061A11F /* Debug */ = {
			isa = XCBuildConfiguration;
			buildSettings = {
				ASSETCATALOG_COMPILER_APPICON_NAME = AppIcon;
				INFOPLIST_FILE = UserCurrentMapLocationReview/Info.plist;
				LD_RUNPATH_SEARCH_PATHS = "$(inherited) @executable_path/Frameworks";
				PRODUCT_BUNDLE_IDENTIFIER = com.shaanmirchandani.UserCurrentMapLocationReview;
				PRODUCT_NAME = "$(TARGET_NAME)";
				SWIFT_VERSION = 3.0;
			};
			name = Debug;
		};
		221723C81F2085ED0061A11F /* Release */ = {
			isa = XCBuildConfiguration;
			buildSettings = {
				ASSETCATALOG_COMPILER_APPICON_NAME = AppIcon;
				INFOPLIST_FILE = UserCurrentMapLocationReview/Info.plist;
				LD_RUNPATH_SEARCH_PATHS = "$(inherited) @executable_path/Frameworks";
				PRODUCT_BUNDLE_IDENTIFIER = com.shaanmirchandani.UserCurrentMapLocationReview;
				PRODUCT_NAME = "$(TARGET_NAME)";
				SWIFT_VERSION = 3.0;
			};
			name = Release;
		};
/* End XCBuildConfiguration section */

/* Begin XCConfigurationList section */
		221723AF1F2085ED0061A11F /* Build configuration list for PBXProject "UserCurrentMapLocationReview" */ = {
			isa = XCConfigurationList;
			buildConfigurations = (
				221723C41F2085ED0061A11F /* Debug */,
				221723C51F2085ED0061A11F /* Release */,
			);
			defaultConfigurationIsVisible = 0;
			defaultConfigurationName = Release;
		};
		221723C61F2085ED0061A11F /* Build configuration list for PBXNativeTarget "UserCurrentMapLocationReview" */ = {
			isa = XCConfigurationList;
			buildConfigurations = (
				221723C71F2085ED0061A11F /* Debug */,
				221723C81F2085ED0061A11F /* Release */,
			);
			defaultConfigurationIsVisible = 0;
		};
/* End XCConfigurationList section */
	};
	rootObject = 221723AC1F2085ED0061A11F /* Project object */;
}
